{
  "name": "calendar-5.3.6-trial",
  "lockfileVersion": 2,
  "requires": true,
  "packages": {
    "": {
      "dependencies": {
        "@bryntum/calendar": "npm:@bryntum/calendar-trial@^5.3.6",
        "@bryntum/calendar-angular": "^5.3.6"
      }
    },
    "node_modules/@bryntum/calendar": {
      "name": "@bryntum/calendar-trial",
      "version": "5.3.6",
      "resolved": "https://npm.bryntum.com/@bryntum%2fcalendar-trial/-/calendar-trial-5.3.6.tgz",
      "integrity": "sha512-Y2iTCl9Fr4oEkwUZPdyVjJzCTjFjppnEbzb1nbgTbuY/S0QxTZxGuuthcPPnqO0OEBD0Ta4RxRBY6xoJR2zSgg==",
      "hasInstallScript": true,
      "dependencies": {
        "@bryntum/calendar-trial-lib": "1.0.0"
      },
      "engines": {
        "node": ">=0.10.0"
      }
    },
    "node_modules/@bryntum/calendar-angular": {
      "version": "5.3.6",
      "resolved": "https://npm.bryntum.com/@bryntum%2fcalendar-angular/-/calendar-angular-5.3.6.tgz",
      "integrity": "sha512-DD9xvtFehCg1fn2C0YUuvfSyBmggqWb2FKCW1Km6kaO5XUL9IN8znxpWu3u+cyQTYv5GZ37xWYmrOhJwdQT1dg==",
      "dependencies": {
        "tslib": "^2.2.0"
      },
      "engines": {
        "node": ">=0.12.0"
      }
    },
    "node_modules/@bryntum/calendar-trial-lib": {
      "version": "1.0.0",
      "resolved": "https://npm.bryntum.com/@bryntum%2fcalendar-trial-lib/-/calendar-trial-lib-1.0.0.tgz",
      "integrity": "sha512-q2/uZK+MzMdZz/iJxS62azDEOJx6y2GDX7YNMoPMMpWAs/VSYkkIn5Z4i9pLl7bJbRExMWdocciwWHiXTthCBA==",
      "license": "Commercial",
      "engines": {
        "node": ">=0.10.0"
      }
    },
    "node_modules/tslib": {
      "version": "2.5.3",
      "resolved": "https://registry.npmjs.org/tslib/-/tslib-2.5.3.tgz",
      "integrity": "sha512-mSxlJJwl3BMEQCUNnxXBU9jP4JBktcEGhURcPR6VQVlnP0FdDEsIaz0C35dXNGLyRfrATNofF0F5p2KPxQgB+w=="
    }
  },
  "dependencies": {
    "@bryntum/calendar": {
      "version": "npm:@bryntum/calendar-trial@5.3.6",
      "resolved": "https://npm.bryntum.com/@bryntum%2fcalendar-trial/-/calendar-trial-5.3.6.tgz",
      "integrity": "sha512-Y2iTCl9Fr4oEkwUZPdyVjJzCTjFjppnEbzb1nbgTbuY/S0QxTZxGuuthcPPnqO0OEBD0Ta4RxRBY6xoJR2zSgg==",
      "requires": {
        "@bryntum/calendar-trial-lib": "1.0.0"
      }
    },
    "@bryntum/calendar-angular": {
      "version": "5.3.6",
      "resolved": "https://npm.bryntum.com/@bryntum%2fcalendar-angular/-/calendar-angular-5.3.6.tgz",
      "integrity": "sha512-DD9xvtFehCg1fn2C0YUuvfSyBmggqWb2FKCW1Km6kaO5XUL9IN8znxpWu3u+cyQTYv5GZ37xWYmrOhJwdQT1dg==",
      "requires": {
        "tslib": "^2.2.0"
      }
    },
    "@bryntum/calendar-trial-lib": {
      "version": "1.0.0",
      "resolved": "https://npm.bryntum.com/@bryntum%2fcalendar-trial-lib/-/calendar-trial-lib-1.0.0.tgz",
      "integrity": "sha512-q2/uZK+MzMdZz/iJxS62azDEOJx6y2GDX7YNMoPMMpWAs/VSYkkIn5Z4i9pLl7bJbRExMWdocciwWHiXTthCBA=="
    },
    "tslib": {
      "version": "2.5.3",
      "resolved": "https://registry.npmjs.org/tslib/-/tslib-2.5.3.tgz",
      "integrity": "sha512-mSxlJJwl3BMEQCUNnxXBU9jP4JBktcEGhURcPR6VQVlnP0FdDEsIaz0C35dXNGLyRfrATNofF0F5p2KPxQgB+w=="
    }
  }
}
